
Microsoft Visual Studio Solution File, Format Version 12.00
# Visual Studio Version 17
VisualStudioVersion = 17.2.32519.379
MinimumVisualStudioVersion = 10.0.40219.1
Project("{FAE04EC0-301F-11D3-BF4B-00C04F79EFBC}") = "pryArmanini-TP3", "pryArmanini-TP3.csproj", "{2C42B211-119F-4ED8-8F47-B5C1D5CD8A22}"
EndProject
Global
	GlobalSection(SolutionConfigurationPlatforms) = preSolution
		Debug|Any CPU = Debug|Any CPU
		Release|Any CPU = Release|Any CPU
	EndGlobalSection
	GlobalSection(ProjectConfigurationPlatforms) = postSolution
		{2C42B211-119F-4ED8-8F47-B5C1D5CD8A22}.Debug|Any CPU.ActiveCfg = Debug|Any CPU
		{2C42B211-119F-4ED8-8F47-B5C1D5CD8A22}.Debug|Any CPU.Build.0 = Debug|Any CPU
		{2C42B211-119F-4ED8-8F47-B5C1D5CD8A22}.Release|Any CPU.ActiveCfg = Release|Any CPU
		{2C42B211-119F-4ED8-8F47-B5C1D5CD8A22}.Release|Any CPU.Build.0 = Release|Any CPU
	EndGlobalSection
	GlobalSection(SolutionProperties) = preSolution
		HideSolutionNode = FALSE
	EndGlobalSection
	GlobalSection(ExtensibilityGlobals) = postSolution
		SolutionGuid = {1EDA5D63-9A1A-4C13-A1C3-9883BF1C99AD}
	EndGlobalSection
EndGlobal
